{
  "name": "geojson-bolivia-cochabamba",
  "version": "1.0.0",
  "lockfileVersion": 1,
  "requires": true,
  "dependencies": {
    "osm-public-transport-export": {
      "version": "file:../osm-public-transport-export",
      "requires": {
        "@turf/boolean-equal": "^6.0.1",
        "@turf/helpers": "^6.1.4",
        "debug": "^4.1.1"
      }
    }
  }
}
